// !$*UTF8*$!
{
	archiveVersion = 1;
	classes = {
	};
	objectVersion = 56;
	objects = {

/* Begin PBXBuildFile section */
		503DC8E22978D5840012346D /* Acronyms_App.swift in Sources */ = {isa = PBXBuildFile; fileRef = 503DC8E12978D5840012346D /* Acronyms_App.swift */; };
		503DC8E42978D5840012346D /* ContentView.swift in Sources */ = {isa = PBXBuildFile; fileRef = 503DC8E32978D5840012346D /* ContentView.swift */; };
		503DC8E62978D5850012346D /* Assets.xcassets in Resources */ = {isa = PBXBuildFile; fileRef = 503DC8E52978D5850012346D /* Assets.xcassets */; };
		503DC8E92978D5850012346D /* Preview Assets.xcassets in Resources */ = {isa = PBXBuildFile; fileRef = 503DC8E82978D5850012346D /* Preview Assets.xcassets */; };
		503DC8F32978D5860012346D /* Acronyms_AppTests.swift in Sources */ = {isa = PBXBuildFile; fileRef = 503DC8F22978D5860012346D /* Acronyms_AppTests.swift */; };
		503DC8FD2978D5860012346D /* Acronyms_AppUITests.swift in Sources */ = {isa = PBXBuildFile; fileRef = 503DC8FC2978D5860012346D /* Acronyms_AppUITests.swift */; };
		503DC8FF2978D5860012346D /* Acronyms_AppUITestsLaunchTests.swift in Sources */ = {isa = PBXBuildFile; fileRef = 503DC8FE2978D5860012346D /* Acronyms_AppUITestsLaunchTests.swift */; };
		503DC90D2978F6A90012346D /* Acronym.swift in Sources */ = {isa = PBXBuildFile; fileRef = 503DC90C2978F6A90012346D /* Acronym.swift */; };
		503DC91229790BC50012346D /* APIRequest.swift in Sources */ = {isa = PBXBuildFile; fileRef = 503DC91129790BC50012346D /* APIRequest.swift */; };
		503DC914297B125F0012346D /* AcronymListViewModel.swift in Sources */ = {isa = PBXBuildFile; fileRef = 503DC913297B125F0012346D /* AcronymListViewModel.swift */; };
/* End PBXBuildFile section */

/* Begin PBXContainerItemProxy section */
		503DC8EF2978D5860012346D /* PBXContainerItemProxy */ = {
			isa = PBXContainerItemProxy;
			containerPortal = 503DC8D62978D5830012346D /* Project object */;
			proxyType = 1;
			remoteGlobalIDString = 503DC8DD2978D5840012346D;
			remoteInfo = "Acronyms App";
		};
		503DC8F92978D5860012346D /* PBXContainerItemProxy */ = {
			isa = PBXContainerItemProxy;
			containerPortal = 503DC8D62978D5830012346D /* Project object */;
			proxyType = 1;
			remoteGlobalIDString = 503DC8DD2978D5840012346D;
			remoteInfo = "Acronyms App";
		};
/* End PBXContainerItemProxy section */

/* Begin PBXFileReference section */
		503DC8DE2978D5840012346D /* Acronyms App.app */ = {isa = PBXFileReference; explicitFileType = wrapper.application; includeInIndex = 0; path = "Acronyms App.app"; sourceTree = BUILT_PRODUCTS_DIR; };
		503DC8E12978D5840012346D /* Acronyms_App.swift */ = {isa = PBXFileReference; lastKnownFileType = sourcecode.swift; path = Acronyms_App.swift; sourceTree = "<group>"; };
		503DC8E32978D5840012346D /* ContentView.swift */ = {isa = PBXFileReference; lastKnownFileType = sourcecode.swift; path = ContentView.swift; sourceTree = "<group>"; };
		503DC8E52978D5850012346D /* Assets.xcassets */ = {isa = PBXFileReference; lastKnownFileType = folder.assetcatalog; path = Assets.xcassets; sourceTree = "<group>"; };
		503DC8E82978D5850012346D /* Preview Assets.xcassets */ = {isa = PBXFileReference; lastKnownFileType = folder.assetcatalog; path = "Preview Assets.xcassets"; sourceTree = "<group>"; };
		503DC8EE2978D5860012346D /* Acronyms AppTests.xctest */ = {isa = PBXFileReference; explicitFileType = wrapper.cfbundle; includeInIndex = 0; path = "Acronyms AppTests.xctest"; sourceTree = BUILT_PRODUCTS_DIR; };
		503DC8F22978D5860012346D /* Acronyms_AppTests.swift */ = {isa = PBXFileReference; lastKnownFileType = sourcecode.swift; path = Acronyms_AppTests.swift; sourceTree = "<group>"; };
		503DC8F82978D5860012346D /* Acronyms AppUITests.xctest */ = {isa = PBXFileReference; explicitFileType = wrapper.cfbundle; includeInIndex = 0; path = "Acronyms AppUITests.xctest"; sourceTree = BUILT_PRODUCTS_DIR; };
		503DC8FC2978D5860012346D /* Acronyms_AppUITests.swift */ = {isa = PBXFileReference; lastKnownFileType = sourcecode.swift; path = Acronyms_AppUITests.swift; sourceTree = "<group>"; };
		503DC8FE2978D5860012346D /* Acronyms_AppUITestsLaunchTests.swift */ = {isa = PBXFileReference; lastKnownFileType = sourcecode.swift; path = Acronyms_AppUITestsLaunchTests.swift; sourceTree = "<group>"; };
		503DC90C2978F6A90012346D /* Acronym.swift */ = {isa = PBXFileReference; lastKnownFileType = sourcecode.swift; path = Acronym.swift; sourceTree = "<group>"; };
		503DC91129790BC50012346D /* APIRequest.swift */ = {isa = PBXFileReference; lastKnownFileType = sourcecode.swift; path = APIRequest.swift; sourceTree = "<group>"; };
		503DC913297B125F0012346D /* AcronymListViewModel.swift */ = {isa = PBXFileReference; lastKnownFileType = sourcecode.swift; path = AcronymListViewModel.swift; sourceTree = "<group>"; };
		503DC915297D0FB80012346D /* Acronyms-App-Info.plist */ = {isa = PBXFileReference; lastKnownFileType = text.plist; path = "Acronyms-App-Info.plist"; sourceTree = SOURCE_ROOT; };
/* End PBXFileReference section */

/* Begin PBXFrameworksBuildPhase section */
		503DC8DB2978D5840012346D /* Frameworks */ = {
			isa = PBXFrameworksBuildPhase;
			buildActionMask = 2147483647;
			files = (
			);
			runOnlyForDeploymentPostprocessing = 0;
		};
		503DC8EB2978D5860012346D /* Frameworks */ = {
			isa = PBXFrameworksBuildPhase;
			buildActionMask = 2147483647;
			files = (
			);
			runOnlyForDeploymentPostprocessing = 0;
		};
		503DC8F52978D5860012346D /* Frameworks */ = {
			isa = PBXFrameworksBuildPhase;
			buildActionMask = 2147483647;
			files = (
			);
			runOnlyForDeploymentPostprocessing = 0;
		};
/* End PBXFrameworksBuildPhase section */

/* Begin PBXGroup section */
		503DC8D52978D5830012346D = {
			isa = PBXGroup;
			children = (
				503DC8E02978D5840012346D /* Acronyms App */,
				503DC8F12978D5860012346D /* Acronyms AppTests */,
				503DC8FB2978D5860012346D /* Acronyms AppUITests */,
				503DC8DF2978D5840012346D /* Products */,
			);
			sourceTree = "<group>";
		};
		503DC8DF2978D5840012346D /* Products */ = {
			isa = PBXGroup;
			children = (
				503DC8DE2978D5840012346D /* Acronyms App.app */,
				503DC8EE2978D5860012346D /* Acronyms AppTests.xctest */,
				503DC8F82978D5860012346D /* Acronyms AppUITests.xctest */,
			);
			name = Products;
			sourceTree = "<group>";
		};
		503DC8E02978D5840012346D /* Acronyms App */ = {
			isa = PBXGroup;
			children = (
				503DC915297D0FB80012346D /* Acronyms-App-Info.plist */,
				503DC9102978FAC20012346D /* Network */,
				503DC90B2978F6800012346D /* Model */,
				503DC90E2978FAA00012346D /* View */,
				503DC90F2978FAB30012346D /* ViewModel */,
				503DC8E12978D5840012346D /* Acronyms_App.swift */,
				503DC8E52978D5850012346D /* Assets.xcassets */,
				503DC8E72978D5850012346D /* Preview Content */,
			);
			path = "Acronyms App";
			sourceTree = "<group>";
		};
		503DC8E72978D5850012346D /* Preview Content */ = {
			isa = PBXGroup;
			children = (
				503DC8E82978D5850012346D /* Preview Assets.xcassets */,
			);
			path = "Preview Content";
			sourceTree = "<group>";
		};
		503DC8F12978D5860012346D /* Acronyms AppTests */ = {
			isa = PBXGroup;
			children = (
				503DC8F22978D5860012346D /* Acronyms_AppTests.swift */,
			);
			path = "Acronyms AppTests";
			sourceTree = "<group>";
		};
		503DC8FB2978D5860012346D /* Acronyms AppUITests */ = {
			isa = PBXGroup;
			children = (
				503DC8FC2978D5860012346D /* Acronyms_AppUITests.swift */,
				503DC8FE2978D5860012346D /* Acronyms_AppUITestsLaunchTests.swift */,
			);
			path = "Acronyms AppUITests";
			sourceTree = "<group>";
		};
		503DC90B2978F6800012346D /* Model */ = {
			isa = PBXGroup;
			children = (
				503DC90C2978F6A90012346D /* Acronym.swift */,
			);
			path = Model;
			sourceTree = "<group>";
		};
		503DC90E2978FAA00012346D /* View */ = {
			isa = PBXGroup;
			children = (
				503DC8E32978D5840012346D /* ContentView.swift */,
			);
			path = View;
			sourceTree = "<group>";
		};
		503DC90F2978FAB30012346D /* ViewModel */ = {
			isa = PBXGroup;
			children = (
				503DC913297B125F0012346D /* AcronymListViewModel.swift */,
			);
			path = ViewModel;
			sourceTree = "<group>";
		};
		503DC9102978FAC20012346D /* Network */ = {
			isa = PBXGroup;
			children = (
				503DC91129790BC50012346D /* APIRequest.swift */,
			);
			path = Network;
			sourceTree = "<group>";
		};
/* End PBXGroup section */

/* Begin PBXNativeTarget section */
		503DC8DD2978D5840012346D /* Acronyms App */ = {
			isa = PBXNativeTarget;
			buildConfigurationList = 503DC9022978D5860012346D /* Build configuration list for PBXNativeTarget "Acronyms App" */;
			buildPhases = (
				503DC8DA2978D5840012346D /* Sources */,
				503DC8DB2978D5840012346D /* Frameworks */,
				503DC8DC2978D5840012346D /* Resources */,
			);
			buildRules = (
			);
			dependencies = (
			);
			name = "Acronyms App";
			productName = "Acronyms App";
			productReference = 503DC8DE2978D5840012346D /* Acronyms App.app */;
			productType = "com.apple.product-type.application";
		};
		503DC8ED2978D5860012346D /* Acronyms AppTests */ = {
			isa = PBXNativeTarget;
			buildConfigurationList = 503DC9052978D5860012346D /* Build configuration list for PBXNativeTarget "Acronyms AppTests" */;
			buildPhases = (
				503DC8EA2978D5860012346D /* Sources */,
				503DC8EB2978D5860012346D /* Frameworks */,
				503DC8EC2978D5860012346D /* Resources */,
			);
			buildRules = (
			);
			dependencies = (
				503DC8F02978D5860012346D /* PBXTargetDependency */,
			);
			name = "Acronyms AppTests";
			productName = "Acronyms AppTests";
			productReference = 503DC8EE2978D5860012346D /* Acronyms AppTests.xctest */;
			productType = "com.apple.product-type.bundle.unit-test";
		};
		503DC8F72978D5860012346D /* Acronyms AppUITests */ = {
			isa = PBXNativeTarget;
			buildConfigurationList = 503DC9082978D5860012346D /* Build configuration list for PBXNativeTarget "Acronyms AppUITests" */;
			buildPhases = (
				503DC8F42978D5860012346D /* Sources */,
				503DC8F52978D5860012346D /* Frameworks */,
				503DC8F62978D5860012346D /* Resources */,
			);
			buildRules = (
			);
			dependencies = (
				503DC8FA2978D5860012346D /* PBXTargetDependency */,
			);
			name = "Acronyms AppUITests";
			productName = "Acronyms AppUITests";
			productReference = 503DC8F82978D5860012346D /* Acronyms AppUITests.xctest */;
			productType = "com.apple.product-type.bundle.ui-testing";
		};
/* End PBXNativeTarget section */

/* Begin PBXProject section */
		503DC8D62978D5830012346D /* Project object */ = {
			isa = PBXProject;
			attributes = {
				BuildIndependentTargetsInParallel = 1;
				LastSwiftUpdateCheck = 1420;
				LastUpgradeCheck = 1420;
				TargetAttributes = {
					503DC8DD2978D5840012346D = {
						CreatedOnToolsVersion = 14.2;
					};
					503DC8ED2978D5860012346D = {
						CreatedOnToolsVersion = 14.2;
						TestTargetID = 503DC8DD2978D5840012346D;
					};
					503DC8F72978D5860012346D = {
						CreatedOnToolsVersion = 14.2;
						TestTargetID = 503DC8DD2978D5840012346D;
					};
				};
			};
			buildConfigurationList = 503DC8D92978D5830012346D /* Build configuration list for PBXProject "Acronyms App" */;
			compatibilityVersion = "Xcode 14.0";
			developmentRegion = en;
			hasScannedForEncodings = 0;
			knownRegions = (
				en,
				Base,
			);
			mainGroup = 503DC8D52978D5830012346D;
			productRefGroup = 503DC8DF2978D5840012346D /* Products */;
			projectDirPath = "";
			projectRoot = "";
			targets = (
				503DC8DD2978D5840012346D /* Acronyms App */,
				503DC8ED2978D5860012346D /* Acronyms AppTests */,
				503DC8F72978D5860012346D /* Acronyms AppUITests */,
			);
		};
/* End PBXProject section */

/* Begin PBXResourcesBuildPhase section */
		503DC8DC2978D5840012346D /* Resources */ = {
			isa = PBXResourcesBuildPhase;
			buildActionMask = 2147483647;
			files = (
				503DC8E92978D5850012346D /* Preview Assets.xcassets in Resources */,
				503DC8E62978D5850012346D /* Assets.xcassets in Resources */,
			);
			runOnlyForDeploymentPostprocessing = 0;
		};
		503DC8EC2978D5860012346D /* Resources */ = {
			isa = PBXResourcesBuildPhase;
			buildActionMask = 2147483647;
			files = (
			);
			runOnlyForDeploymentPostprocessing = 0;
		};
		503DC8F62978D5860012346D /* Resources */ = {
			isa = PBXResourcesBuildPhase;
			buildActionMask = 2147483647;
			files = (
			);
			runOnlyForDeploymentPostprocessing = 0;
		};
/* End PBXResourcesBuildPhase section */

/* Begin PBXSourcesBuildPhase section */
		503DC8DA2978D5840012346D /* Sources */ = {
			isa = PBXSourcesBuildPhase;
			buildActionMask = 2147483647;
			files = (
				503DC8E42978D5840012346D /* ContentView.swift in Sources */,
				503DC90D2978F6A90012346D /* Acronym.swift in Sources */,
				503DC91229790BC50012346D /* APIRequest.swift in Sources */,
				503DC8E22978D5840012346D /* Acronyms_App.swift in Sources */,
				503DC914297B125F0012346D /* AcronymListViewModel.swift in Sources */,
			);
			runOnlyForDeploymentPostprocessing = 0;
		};
		503DC8EA2978D5860012346D /* Sources */ = {
			isa = PBXSourcesBuildPhase;
			buildActionMask = 2147483647;
			files = (
				503DC8F32978D5860012346D /* Acronyms_AppTests.swift in Sources */,
			);
			runOnlyForDeploymentPostprocessing = 0;
		};
		503DC8F42978D5860012346D /* Sources */ = {
			isa = PBXSourcesBuildPhase;
			buildActionMask = 2147483647;
			files = (
				503DC8FF2978D5860012346D /* Acronyms_AppUITestsLaunchTests.swift in Sources */,
				503DC8FD2978D5860012346D /* Acronyms_AppUITests.swift in Sources */,
			);
			runOnlyForDeploymentPostprocessing = 0;
		};
/* End PBXSourcesBuildPhase section */

/* Begin PBXTargetDependency section */
		503DC8F02978D5860012346D /* PBXTargetDependency */ = {
			isa = PBXTargetDependency;
			target = 503DC8DD2978D5840012346D /* Acronyms App */;
			targetProxy = 503DC8EF2978D5860012346D /* PBXContainerItemProxy */;
		};
		503DC8FA2978D5860012346D /* PBXTargetDependency */ = {
			isa = PBXTargetDependency;
			target = 503DC8DD2978D5840012346D /* Acronyms App */;
			targetProxy = 503DC8F92978D5860012346D /* PBXContainerItemProxy */;
		};
/* End PBXTargetDependency section */

/* Begin XCBuildConfiguration section */
		503DC9002978D5860012346D /* Debug */ = {
			isa = XCBuildConfiguration;
			buildSettings = {
				ALWAYS_SEARCH_USER_PATHS = NO;
				CLANG_ANALYZER_NONNULL = YES;
				CLANG_ANALYZER_NUMBER_OBJECT_CONVERSION = YES_AGGRESSIVE;
				CLANG_CXX_LANGUAGE_STANDARD = "gnu++20";
				CLANG_ENABLE_MODULES = YES;
				CLANG_ENABLE_OBJC_ARC = YES;
				CLANG_ENABLE_OBJC_WEAK = YES;
				CLANG_WARN_BLOCK_CAPTURE_AUTORELEASING = YES;
				CLANG_WARN_BOOL_CONVERSION = YES;
				CLANG_WARN_COMMA = YES;
				CLANG_WARN_CONSTANT_CONVERSION = YES;
				CLANG_WARN_DEPRECATED_OBJC_IMPLEMENTATIONS = YES;
				CLANG_WARN_DIRECT_OBJC_ISA_USAGE = YES_ERROR;
				CLANG_WARN_DOCUMENTATION_COMMENTS = YES;
				CLANG_WARN_EMPTY_BODY = YES;
				CLANG_WARN_ENUM_CONVERSION = YES;
				CLANG_WARN_INFINITE_RECURSION = YES;
				CLANG_WARN_INT_CONVERSION = YES;
				CLANG_WARN_NON_LITERAL_NULL_CONVERSION = YES;
				CLANG_WARN_OBJC_IMPLICIT_RETAIN_SELF = YES;
				CLANG_WARN_OBJC_LITERAL_CONVERSION = YES;
				CLANG_WARN_OBJC_ROOT_CLASS = YES_ERROR;
				CLANG_WARN_QUOTED_INCLUDE_IN_FRAMEWORK_HEADER = YES;
				CLANG_WARN_RANGE_LOOP_ANALYSIS = YES;
				CLANG_WARN_STRICT_PROTOTYPES = YES;
				CLANG_WARN_SUSPICIOUS_MOVE = YES;
				CLANG_WARN_UNGUARDED_AVAILABILITY = YES_AGGRESSIVE;
				CLANG_WARN_UNREACHABLE_CODE = YES;
				CLANG_WARN__DUPLICATE_METHOD_MATCH = YES;
				COPY_PHASE_STRIP = NO;
				DEBUG_INFORMATION_FORMAT = dwarf;
				ENABLE_STRICT_OBJC_MSGSEND = YES;
				ENABLE_TESTABILITY = YES;
				GCC_C_LANGUAGE_STANDARD = gnu11;
				GCC_DYNAMIC_NO_PIC = NO;
				GCC_NO_COMMON_BLOCKS = YES;
				GCC_OPTIMIZATION_LEVEL = 0;
				GCC_PREPROCESSOR_DEFINITIONS = (
					"DEBUG=1",
					"$(inherited)",
				);
				GCC_WARN_64_TO_32_BIT_CONVERSION = YES;
				GCC_WARN_ABOUT_RETURN_TYPE = YES_ERROR;
				GCC_WARN_UNDECLARED_SELECTOR = YES;
				GCC_WARN_UNINITIALIZED_AUTOS = YES_AGGRESSIVE;
				GCC_WARN_UNUSED_FUNCTION = YES;
				GCC_WARN_UNUSED_VARIABLE = YES;
				IPHONEOS_DEPLOYMENT_TARGET = 16.2;
				MTL_ENABLE_DEBUG_INFO = INCLUDE_SOURCE;
				MTL_FAST_MATH = YES;
				ONLY_ACTIVE_ARCH = YES;
				SDKROOT = iphoneos;
				SWIFT_ACTIVE_COMPILATION_CONDITIONS = DEBUG;
				SWIFT_OPTIMIZATION_LEVEL = "-Onone";
			};
			name = Debug;
		};
		503DC9012978D5860012346D /* Release */ = {
			isa = XCBuildConfiguration;
			buildSettings = {
				ALWAYS_SEARCH_USER_PATHS = NO;
				CLANG_ANALYZER_NONNULL = YES;
				CLANG_ANALYZER_NUMBER_OBJECT_CONVERSION = YES_AGGRESSIVE;
				CLANG_CXX_LANGUAGE_STANDARD = "gnu++20";
				CLANG_ENABLE_MODULES = YES;
				CLANG_ENABLE_OBJC_ARC = YES;
				CLANG_ENABLE_OBJC_WEAK = YES;
				CLANG_WARN_BLOCK_CAPTURE_AUTORELEASING = YES;
				CLANG_WARN_BOOL_CONVERSION = YES;
				CLANG_WARN_COMMA = YES;
				CLANG_WARN_CONSTANT_CONVERSION = YES;
				CLANG_WARN_DEPRECATED_OBJC_IMPLEMENTATIONS = YES;
				CLANG_WARN_DIRECT_OBJC_ISA_USAGE = YES_ERROR;
				CLANG_WARN_DOCUMENTATION_COMMENTS = YES;
				CLANG_WARN_EMPTY_BODY = YES;
				CLANG_WARN_ENUM_CONVERSION = YES;
				CLANG_WARN_INFINITE_RECURSION = YES;
				CLANG_WARN_INT_CONVERSION = YES;
				CLANG_WARN_NON_LITERAL_NULL_CONVERSION = YES;
				CLANG_WARN_OBJC_IMPLICIT_RETAIN_SELF = YES;
				CLANG_WARN_OBJC_LITERAL_CONVERSION = YES;
				CLANG_WARN_OBJC_ROOT_CLASS = YES_ERROR;
				CLANG_WARN_QUOTED_INCLUDE_IN_FRAMEWORK_HEADER = YES;
				CLANG_WARN_RANGE_LOOP_ANALYSIS = YES;
				CLANG_WARN_STRICT_PROTOTYPES = YES;
				CLANG_WARN_SUSPICIOUS_MOVE = YES;
				CLANG_WARN_UNGUARDED_AVAILABILITY = YES_AGGRESSIVE;
				CLANG_WARN_UNREACHABLE_CODE = YES;
				CLANG_WARN__DUPLICATE_METHOD_MATCH = YES;
				COPY_PHASE_STRIP = NO;
				DEBUG_INFORMATION_FORMAT = "dwarf-with-dsym";
				ENABLE_NS_ASSERTIONS = NO;
				ENABLE_STRICT_OBJC_MSGSEND = YES;
				GCC_C_LANGUAGE_STANDARD = gnu11;
				GCC_NO_COMMON_BLOCKS = YES;
				GCC_WARN_64_TO_32_BIT_CONVERSION = YES;
				GCC_WARN_ABOUT_RETURN_TYPE = YES_ERROR;
				GCC_WARN_UNDECLARED_SELECTOR = YES;
				GCC_WARN_UNINITIALIZED_AUTOS = YES_AGGRESSIVE;
				GCC_WARN_UNUSED_FUNCTION = YES;
				GCC_WARN_UNUSED_VARIABLE = YES;
				IPHONEOS_DEPLOYMENT_TARGET = 16.2;
				MTL_ENABLE_DEBUG_INFO = NO;
				MTL_FAST_MATH = YES;
				SDKROOT = iphoneos;
				SWIFT_COMPILATION_MODE = wholemodule;
				SWIFT_OPTIMIZATION_LEVEL = "-O";
				VALIDATE_PRODUCT = YES;
			};
			name = Release;
		};
		503DC9032978D5860012346D /* Debug */ = {
			isa = XCBuildConfiguration;
			buildSettings = {
				ASSETCATALOG_COMPILER_APPICON_NAME = AppIcon;
				ASSETCATALOG_COMPILER_GLOBAL_ACCENT_COLOR_NAME = AccentColor;
				CODE_SIGN_STYLE = Automatic;
				CURRENT_PROJECT_VERSION = 1;
				DEVELOPMENT_ASSET_PATHS = "\"Acronyms App/Preview Content\"";
				DEVELOPMENT_TEAM = 83GQRM67B7;
				ENABLE_PREVIEWS = YES;
				GENERATE_INFOPLIST_FILE = YES;
				INFOPLIST_FILE = "Acronyms-App-Info.plist";
				INFOPLIST_KEY_UIApplicationSceneManifest_Generation = YES;
				INFOPLIST_KEY_UIApplicationSupportsIndirectInputEvents = YES;
				INFOPLIST_KEY_UILaunchScreen_Generation = YES;
				INFOPLIST_KEY_UISupportedInterfaceOrientations_iPad = "UIInterfaceOrientationPortrait UIInterfaceOrientationPortraitUpsideDown UIInterfaceOrientationLandscapeLeft UIInterfaceOrientationLandscapeRight";
				INFOPLIST_KEY_UISupportedInterfaceOrientations_iPhone = "UIInterfaceOrientationPortrait UIInterfaceOrientationLandscapeLeft UIInterfaceOrientationLandscapeRight";
				LD_RUNPATH_SEARCH_PATHS = (
					"$(inherited)",
					"@executable_path/Frameworks",
				);
				MARKETING_VERSION = 1.0;
				PRODUCT_BUNDLE_IDENTIFIER = "chamuel.castillo.Acronyms-App";
				PRODUCT_NAME = "$(TARGET_NAME)";
				SWIFT_EMIT_LOC_STRINGS = YES;
				SWIFT_VERSION = 5.0;
				TARGETED_DEVICE_FAMILY = "1,2";
			};
			name = Debug;
		};
		503DC9042978D5860012346D /* Release */ = {
			isa = XCBuildConfiguration;
			buildSettings = {
				ASSETCATALOG_COMPILER_APPICON_NAME = AppIcon;
				ASSETCATALOG_COMPILER_GLOBAL_ACCENT_COLOR_NAME = AccentColor;
				CODE_SIGN_STYLE = Automatic;
				CURRENT_PROJECT_VERSION = 1;
				DEVELOPMENT_ASSET_PATHS = "\"Acronyms App/Preview Content\"";
				DEVELOPMENT_TEAM = 83GQRM67B7;
				ENABLE_PREVIEWS = YES;
				GENERATE_INFOPLIST_FILE = YES;
				INFOPLIST_FILE = "Acronyms-App-Info.plist";
				INFOPLIST_KEY_UIApplicationSceneManifest_Generation = YES;
				INFOPLIST_KEY_UIApplicationSupportsIndirectInputEvents = YES;
				INFOPLIST_KEY_UILaunchScreen_Generation = YES;
				INFOPLIST_KEY_UISupportedInterfaceOrientations_iPad = "UIInterfaceOrientationPortrait UIInterfaceOrientationPortraitUpsideDown UIInterfaceOrientationLandscapeLeft UIInterfaceOrientationLandscapeRight";
				INFOPLIST_KEY_UISupportedInterfaceOrientations_iPhone = "UIInterfaceOrientationPortrait UIInterfaceOrientationLandscapeLeft UIInterfaceOrientationLandscapeRight";
				LD_RUNPATH_SEARCH_PATHS = (
					"$(inherited)",
					"@executable_path/Frameworks",
				);
				MARKETING_VERSION = 1.0;
				PRODUCT_BUNDLE_IDENTIFIER = "chamuel.castillo.Acronyms-App";
				PRODUCT_NAME = "$(TARGET_NAME)";
				SWIFT_EMIT_LOC_STRINGS = YES;
				SWIFT_VERSION = 5.0;
				TARGETED_DEVICE_FAMILY = "1,2";
			};
			name = Release;
		};
		503DC9062978D5860012346D /* Debug */ = {
			isa = XCBuildConfiguration;
			buildSettings = {
				ALWAYS_EMBED_SWIFT_STANDARD_LIBRARIES = YES;
				BUNDLE_LOADER = "$(TEST_HOST)";
				CODE_SIGN_STYLE = Automatic;
				CURRENT_PROJECT_VERSION = 1;
				DEVELOPMENT_TEAM = 83GQRM67B7;
				GENERATE_INFOPLIST_FILE = YES;
				IPHONEOS_DEPLOYMENT_TARGET = 16.2;
				MARKETING_VERSION = 1.0;
				PRODUCT_BUNDLE_IDENTIFIER = "chamuel.castillo.Acronyms-AppTests";
				PRODUCT_NAME = "$(TARGET_NAME)";
				SWIFT_EMIT_LOC_STRINGS = NO;
				SWIFT_VERSION = 5.0;
				TARGETED_DEVICE_FAMILY = "1,2";
				TEST_HOST = "$(BUILT_PRODUCTS_DIR)/Acronyms App.app/$(BUNDLE_EXECUTABLE_FOLDER_PATH)/Acronyms App";
			};
			name = Debug;
		};
		503DC9072978D5860012346D /* Release */ = {
			isa = XCBuildConfiguration;
			buildSettings = {
				ALWAYS_EMBED_SWIFT_STANDARD_LIBRARIES = YES;
				BUNDLE_LOADER = "$(TEST_HOST)";
				CODE_SIGN_STYLE = Automatic;
				CURRENT_PROJECT_VERSION = 1;
				DEVELOPMENT_TEAM = 83GQRM67B7;
				GENERATE_INFOPLIST_FILE = YES;
				IPHONEOS_DEPLOYMENT_TARGET = 16.2;
				MARKETING_VERSION = 1.0;
				PRODUCT_BUNDLE_IDENTIFIER = "chamuel.castillo.Acronyms-AppTests";
				PRODUCT_NAME = "$(TARGET_NAME)";
				SWIFT_EMIT_LOC_STRINGS = NO;
				SWIFT_VERSION = 5.0;
				TARGETED_DEVICE_FAMILY = "1,2";
				TEST_HOST = "$(BUILT_PRODUCTS_DIR)/Acronyms App.app/$(BUNDLE_EXECUTABLE_FOLDER_PATH)/Acronyms App";
			};
			name = Release;
		};
		503DC9092978D5860012346D /* Debug */ = {
			isa = XCBuildConfiguration;
			buildSettings = {
				ALWAYS_EMBED_SWIFT_STANDARD_LIBRARIES = YES;
				CODE_SIGN_STYLE = Automatic;
				CURRENT_PROJECT_VERSION = 1;
				DEVELOPMENT_TEAM = 83GQRM67B7;
				GENERATE_INFOPLIST_FILE = YES;
				MARKETING_VERSION = 1.0;
				PRODUCT_BUNDLE_IDENTIFIER = "chamuel.castillo.Acronyms-AppUITests";
				PRODUCT_NAME = "$(TARGET_NAME)";
				SWIFT_EMIT_LOC_STRINGS = NO;
				SWIFT_VERSION = 5.0;
				TARGETED_DEVICE_FAMILY = "1,2";
				TEST_TARGET_NAME = "Acronyms App";
			};
			name = Debug;
		};
		503DC90A2978D5860012346D /* Release */ = {
			isa = XCBuildConfiguration;
			buildSettings = {
				ALWAYS_EMBED_SWIFT_STANDARD_LIBRARIES = YES;
				CODE_SIGN_STYLE = Automatic;
				CURRENT_PROJECT_VERSION = 1;
				DEVELOPMENT_TEAM = 83GQRM67B7;
				GENERATE_INFOPLIST_FILE = YES;
				MARKETING_VERSION = 1.0;
				PRODUCT_BUNDLE_IDENTIFIER = "chamuel.castillo.Acronyms-AppUITests";
				PRODUCT_NAME = "$(TARGET_NAME)";
				SWIFT_EMIT_LOC_STRINGS = NO;
				SWIFT_VERSION = 5.0;
				TARGETED_DEVICE_FAMILY = "1,2";
				TEST_TARGET_NAME = "Acronyms App";
			};
			name = Release;
		};
/* End XCBuildConfiguration section */

/* Begin XCConfigurationList section */
		503DC8D92978D5830012346D /* Build configuration list for PBXProject "Acronyms App" */ = {
			isa = XCConfigurationList;
			buildConfigurations = (
				503DC9002978D5860012346D /* Debug */,
				503DC9012978D5860012346D /* Release */,
			);
			defaultConfigurationIsVisible = 0;
			defaultConfigurationName = Release;
		};
		503DC9022978D5860012346D /* Build configuration list for PBXNativeTarget "Acronyms App" */ = {
			isa = XCConfigurationList;
			buildConfigurations = (
				503DC9032978D5860012346D /* Debug */,
				503DC9042978D5860012346D /* Release */,
			);
			defaultConfigurationIsVisible = 0;
			defaultConfigurationName = Release;
		};
		503DC9052978D5860012346D /* Build configuration list for PBXNativeTarget "Acronyms AppTests" */ = {
			isa = XCConfigurationList;
			buildConfigurations = (
				503DC9062978D5860012346D /* Debug */,
				503DC9072978D5860012346D /* Release */,
			);
			defaultConfigurationIsVisible = 0;
			defaultConfigurationName = Release;
		};
		503DC9082978D5860012346D /* Build configuration list for PBXNativeTarget "Acronyms AppUITests" */ = {
			isa = XCConfigurationList;
			buildConfigurations = (
				503DC9092978D5860012346D /* Debug */,
				503DC90A2978D5860012346D /* Release */,
			);
			defaultConfigurationIsVisible = 0;
			defaultConfigurationName = Release;
		};
/* End XCConfigurationList section */
	};
	rootObject = 503DC8D62978D5830012346D /* Project object */;
}
